# THIS IS AN AUTOGENERATED FILE. DO NOT EDIT THIS FILE DIRECTLY.
# yarn lockfile v1


"@types/mocha@^10.0.7":
  version "10.0.7"
  resolved "https://registry.yarnpkg.com/@types/mocha/-/mocha-10.0.7.tgz#4c620090f28ca7f905a94b706f74dc5b57b44f2f"
  integrity sha512-GN8yJ1mNTcFcah/wKEFIJckJx9iJLoMSzWcfRRuxz/Jk+U6KQNnml+etbtxFK8lPjzOw3zp4Ha/kjSst9fsHYw==
